
Microsoft Visual Studio Solution File, Format Version 12.00
# Visual Studio Version 16
VisualStudioVersion = 16.0.31005.135
MinimumVisualStudioVersion = 10.0.40219.1
Project("{FAE04EC0-301F-11D3-BF4B-00C04F79EFBC}") = "ConsoleMeter", "ConsoleMeter\ConsoleMeter.csproj", "{7A477257-02BA-43F3-937B-8596EDAD1A72}"
EndProject
Global
	GlobalSection(SolutionConfigurationPlatforms) = preSolution
		Debug|Any CPU = Debug|Any CPU
		Release|Any CPU = Release|Any CPU
	EndGlobalSection
	GlobalSection(ProjectConfigurationPlatforms) = postSolution
		{7A477257-02BA-43F3-937B-8596EDAD1A72}.Debug|Any CPU.ActiveCfg = Debug|Any CPU
		{7A477257-02BA-43F3-937B-8596EDAD1A72}.Debug|Any CPU.Build.0 = Debug|Any CPU
		{7A477257-02BA-43F3-937B-8596EDAD1A72}.Release|Any CPU.ActiveCfg = Release|Any CPU
		{7A477257-02BA-43F3-937B-8596EDAD1A72}.Release|Any CPU.Build.0 = Release|Any CPU
	EndGlobalSection
	GlobalSection(SolutionProperties) = preSolution
		HideSolutionNode = FALSE
	EndGlobalSection
	GlobalSection(ExtensibilityGlobals) = postSolution
		SolutionGuid = {EA7B2316-AC5B-473C-984C-BE5E53EA6465}
	EndGlobalSection
EndGlobal
